
Microsoft Visual Studio Solution File, Format Version 12.00
# Visual Studio Version 17
VisualStudioVersion = 17.13.35931.197
MinimumVisualStudioVersion = 10.0.40219.1
Project("{FAE04EC0-301F-11D3-BF4B-00C04F79EFBC}") = "Entities", "Entities\Entities.csproj", "{CA7453FB-675E-4C82-8C82-81916FD80B7E}"
EndProject
Project("{FAE04EC0-301F-11D3-BF4B-00C04F79EFBC}") = "DataAccess", "DataAccess\DataAccess.csproj", "{F0853C92-0525-4F80-A305-999DE4982F67}"
EndProject
Project("{FAE04EC0-301F-11D3-BF4B-00C04F79EFBC}") = "WebApi", "WebApi\WebApi.csproj", "{17CE7781-4408-4146-8308-02C806826A25}"
EndProject
Project("{FAE04EC0-301F-11D3-BF4B-00C04F79EFBC}") = "Core", "Core\Core.csproj", "{47AEC72C-F605-4EDC-9201-8414384B9028}"
EndProject
Project("{FAE04EC0-301F-11D3-BF4B-00C04F79EFBC}") = "Business", "Business\Business.csproj", "{455B2013-857C-4F26-82A5-5786E3E57E2F}"
EndProject
Global
	GlobalSection(SolutionConfigurationPlatforms) = preSolution
		Debug|Any CPU = Debug|Any CPU
		Release|Any CPU = Release|Any CPU
	EndGlobalSection
	GlobalSection(ProjectConfigurationPlatforms) = postSolution
		{CA7453FB-675E-4C82-8C82-81916FD80B7E}.Debug|Any CPU.ActiveCfg = Debug|Any CPU
		{CA7453FB-675E-4C82-8C82-81916FD80B7E}.Debug|Any CPU.Build.0 = Debug|Any CPU
		{CA7453FB-675E-4C82-8C82-81916FD80B7E}.Release|Any CPU.ActiveCfg = Release|Any CPU
		{CA7453FB-675E-4C82-8C82-81916FD80B7E}.Release|Any CPU.Build.0 = Release|Any CPU
		{F0853C92-0525-4F80-A305-999DE4982F67}.Debug|Any CPU.ActiveCfg = Debug|Any CPU
		{F0853C92-0525-4F80-A305-999DE4982F67}.Debug|Any CPU.Build.0 = Debug|Any CPU
		{F0853C92-0525-4F80-A305-999DE4982F67}.Release|Any CPU.ActiveCfg = Release|Any CPU
		{F0853C92-0525-4F80-A305-999DE4982F67}.Release|Any CPU.Build.0 = Release|Any CPU
		{17CE7781-4408-4146-8308-02C806826A25}.Debug|Any CPU.ActiveCfg = Debug|Any CPU
		{17CE7781-4408-4146-8308-02C806826A25}.Debug|Any CPU.Build.0 = Debug|Any CPU
		{17CE7781-4408-4146-8308-02C806826A25}.Release|Any CPU.ActiveCfg = Release|Any CPU
		{17CE7781-4408-4146-8308-02C806826A25}.Release|Any CPU.Build.0 = Release|Any CPU
		{47AEC72C-F605-4EDC-9201-8414384B9028}.Debug|Any CPU.ActiveCfg = Debug|Any CPU
		{47AEC72C-F605-4EDC-9201-8414384B9028}.Debug|Any CPU.Build.0 = Debug|Any CPU
		{47AEC72C-F605-4EDC-9201-8414384B9028}.Release|Any CPU.ActiveCfg = Release|Any CPU
		{47AEC72C-F605-4EDC-9201-8414384B9028}.Release|Any CPU.Build.0 = Release|Any CPU
		{455B2013-857C-4F26-82A5-5786E3E57E2F}.Debug|Any CPU.ActiveCfg = Debug|Any CPU
		{455B2013-857C-4F26-82A5-5786E3E57E2F}.Debug|Any CPU.Build.0 = Debug|Any CPU
		{455B2013-857C-4F26-82A5-5786E3E57E2F}.Release|Any CPU.ActiveCfg = Release|Any CPU
		{455B2013-857C-4F26-82A5-5786E3E57E2F}.Release|Any CPU.Build.0 = Release|Any CPU
	EndGlobalSection
	GlobalSection(SolutionProperties) = preSolution
		HideSolutionNode = FALSE
	EndGlobalSection
	GlobalSection(ExtensibilityGlobals) = postSolution
		SolutionGuid = {0F0E02F6-02BB-413E-98B5-2A6C5F8A21C3}
	EndGlobalSection
EndGlobal
